
Microsoft Visual Studio Solution File, Format Version 11.00
# Visual Studio 2010
Project("{FAE04EC0-301F-11D3-BF4B-00C04F79EFBC}") = "dotPeek.AssemblyLists", "dotPeek.AssemblyLists\dotPeek.AssemblyLists.csproj", "{70D71044-2905-47FE-B65F-832E56FA1524}"
EndProject
Project("{FAE04EC0-301F-11D3-BF4B-00C04F79EFBC}") = "dotPeek.AssemblyLists.Tests", "dotPeek.AssemblyLists.Tests\dotPeek.AssemblyLists.Tests.csproj", "{8C39CFBF-E4D8-4482-93F1-10E2B697965C}"
EndProject
Project("{2150E333-8FDC-42A3-9474-1A3956D46DE8}") = "Solution Items", "Solution Items", "{DD6141F8-E214-45F9-87E0-CEAF0A7BDFB1}"
	ProjectSection(SolutionItems) = preProject
		JetBrains.ActionManagement.resources.Schema.Actions.xsd = JetBrains.ActionManagement.resources.Schema.Actions.xsd
	EndProjectSection
EndProject
Global
	GlobalSection(SolutionConfigurationPlatforms) = preSolution
		Debug|Any CPU = Debug|Any CPU
		Release|Any CPU = Release|Any CPU
	EndGlobalSection
	GlobalSection(ProjectConfigurationPlatforms) = postSolution
		{70D71044-2905-47FE-B65F-832E56FA1524}.Debug|Any CPU.ActiveCfg = Debug|Any CPU
		{70D71044-2905-47FE-B65F-832E56FA1524}.Debug|Any CPU.Build.0 = Debug|Any CPU
		{70D71044-2905-47FE-B65F-832E56FA1524}.Release|Any CPU.ActiveCfg = Release|Any CPU
		{70D71044-2905-47FE-B65F-832E56FA1524}.Release|Any CPU.Build.0 = Release|Any CPU
		{8C39CFBF-E4D8-4482-93F1-10E2B697965C}.Debug|Any CPU.ActiveCfg = Debug|Any CPU
		{8C39CFBF-E4D8-4482-93F1-10E2B697965C}.Debug|Any CPU.Build.0 = Debug|Any CPU
		{8C39CFBF-E4D8-4482-93F1-10E2B697965C}.Release|Any CPU.ActiveCfg = Release|Any CPU
		{8C39CFBF-E4D8-4482-93F1-10E2B697965C}.Release|Any CPU.Build.0 = Release|Any CPU
	EndGlobalSection
	GlobalSection(SolutionProperties) = preSolution
		HideSolutionNode = FALSE
	EndGlobalSection
EndGlobal
